
Microsoft Visual Studio Solution File, Format Version 12.00
# Visual Studio Version 17
VisualStudioVersion = 17.9.34622.214
MinimumVisualStudioVersion = 10.0.40219.1
Project("{FAE04EC0-301F-11D3-BF4B-00C04F79EFBC}") = "Zad9", "Zad9.csproj", "{D42AF3B1-003B-4579-9C35-1825395B80E6}"
EndProject
Global
	GlobalSection(SolutionConfigurationPlatforms) = preSolution
		Debug|Any CPU = Debug|Any CPU
		Release|Any CPU = Release|Any CPU
	EndGlobalSection
	GlobalSection(ProjectConfigurationPlatforms) = postSolution
		{D42AF3B1-003B-4579-9C35-1825395B80E6}.Debug|Any CPU.ActiveCfg = Debug|Any CPU
		{D42AF3B1-003B-4579-9C35-1825395B80E6}.Debug|Any CPU.Build.0 = Debug|Any CPU
		{D42AF3B1-003B-4579-9C35-1825395B80E6}.Release|Any CPU.ActiveCfg = Release|Any CPU
		{D42AF3B1-003B-4579-9C35-1825395B80E6}.Release|Any CPU.Build.0 = Release|Any CPU
	EndGlobalSection
	GlobalSection(SolutionProperties) = preSolution
		HideSolutionNode = FALSE
	EndGlobalSection
	GlobalSection(ExtensibilityGlobals) = postSolution
		SolutionGuid = {0348BEB0-573E-400E-BC18-F0C39D7E4C03}
	EndGlobalSection
EndGlobal
