
Microsoft Visual Studio Solution File, Format Version 12.00
# Visual Studio Version 17
VisualStudioVersion = 17.9.34622.214
MinimumVisualStudioVersion = 10.0.40219.1
Project("{FAE04EC0-301F-11D3-BF4B-00C04F79EFBC}") = "Zad7", "Zad7.csproj", "{9A64D0F0-C4F2-44CA-97A5-A7600C289DC2}"
EndProject
Global
	GlobalSection(SolutionConfigurationPlatforms) = preSolution
		Debug|Any CPU = Debug|Any CPU
		Release|Any CPU = Release|Any CPU
	EndGlobalSection
	GlobalSection(ProjectConfigurationPlatforms) = postSolution
		{9A64D0F0-C4F2-44CA-97A5-A7600C289DC2}.Debug|Any CPU.ActiveCfg = Debug|Any CPU
		{9A64D0F0-C4F2-44CA-97A5-A7600C289DC2}.Debug|Any CPU.Build.0 = Debug|Any CPU
		{9A64D0F0-C4F2-44CA-97A5-A7600C289DC2}.Release|Any CPU.ActiveCfg = Release|Any CPU
		{9A64D0F0-C4F2-44CA-97A5-A7600C289DC2}.Release|Any CPU.Build.0 = Release|Any CPU
	EndGlobalSection
	GlobalSection(SolutionProperties) = preSolution
		HideSolutionNode = FALSE
	EndGlobalSection
	GlobalSection(ExtensibilityGlobals) = postSolution
		SolutionGuid = {1B7E27D3-3999-495D-8DA5-2D44070EEAEF}
	EndGlobalSection
EndGlobal
