
Microsoft Visual Studio Solution File, Format Version 12.00
# Visual Studio Version 17
VisualStudioVersion = 17.9.34622.214
MinimumVisualStudioVersion = 10.0.40219.1
Project("{FAE04EC0-301F-11D3-BF4B-00C04F79EFBC}") = "Zad16", "Zad16.csproj", "{99ED0B73-3AF5-4E21-B17B-6C180D4FB030}"
EndProject
Global
	GlobalSection(SolutionConfigurationPlatforms) = preSolution
		Debug|Any CPU = Debug|Any CPU
		Release|Any CPU = Release|Any CPU
	EndGlobalSection
	GlobalSection(ProjectConfigurationPlatforms) = postSolution
		{99ED0B73-3AF5-4E21-B17B-6C180D4FB030}.Debug|Any CPU.ActiveCfg = Debug|Any CPU
		{99ED0B73-3AF5-4E21-B17B-6C180D4FB030}.Debug|Any CPU.Build.0 = Debug|Any CPU
		{99ED0B73-3AF5-4E21-B17B-6C180D4FB030}.Release|Any CPU.ActiveCfg = Release|Any CPU
		{99ED0B73-3AF5-4E21-B17B-6C180D4FB030}.Release|Any CPU.Build.0 = Release|Any CPU
	EndGlobalSection
	GlobalSection(SolutionProperties) = preSolution
		HideSolutionNode = FALSE
	EndGlobalSection
	GlobalSection(ExtensibilityGlobals) = postSolution
		SolutionGuid = {367137F8-EDEA-4377-8FA8-4011682223B4}
	EndGlobalSection
EndGlobal
