
Microsoft Visual Studio Solution File, Format Version 12.00
# Visual Studio Version 17
VisualStudioVersion = 17.9.34622.214
MinimumVisualStudioVersion = 10.0.40219.1
Project("{FAE04EC0-301F-11D3-BF4B-00C04F79EFBC}") = "Zad21", "Zad21.csproj", "{3F2682D2-C1F9-4426-86CB-0B766F8D5C83}"
EndProject
Global
	GlobalSection(SolutionConfigurationPlatforms) = preSolution
		Debug|Any CPU = Debug|Any CPU
		Release|Any CPU = Release|Any CPU
	EndGlobalSection
	GlobalSection(ProjectConfigurationPlatforms) = postSolution
		{3F2682D2-C1F9-4426-86CB-0B766F8D5C83}.Debug|Any CPU.ActiveCfg = Debug|Any CPU
		{3F2682D2-C1F9-4426-86CB-0B766F8D5C83}.Debug|Any CPU.Build.0 = Debug|Any CPU
		{3F2682D2-C1F9-4426-86CB-0B766F8D5C83}.Release|Any CPU.ActiveCfg = Release|Any CPU
		{3F2682D2-C1F9-4426-86CB-0B766F8D5C83}.Release|Any CPU.Build.0 = Release|Any CPU
	EndGlobalSection
	GlobalSection(SolutionProperties) = preSolution
		HideSolutionNode = FALSE
	EndGlobalSection
	GlobalSection(ExtensibilityGlobals) = postSolution
		SolutionGuid = {8BF69B33-7924-4819-94C3-C356665A3E23}
	EndGlobalSection
EndGlobal
